
Microsoft Visual Studio Solution File, Format Version 12.00
# Visual Studio Version 17
VisualStudioVersion = 17.5.002.0
MinimumVisualStudioVersion = 10.0.40219.1
Project("{9A19103F-16F7-4668-BE54-9A1E7A4F7556}") = "WoofHub_App", "WoofHub_App.csproj", "{C87D45C0-3965-44AC-9C87-EF3E13425B08}"
EndProject
Global
	GlobalSection(SolutionConfigurationPlatforms) = preSolution
		Debug|Any CPU = Debug|Any CPU
		Release|Any CPU = Release|Any CPU
	EndGlobalSection
	GlobalSection(ProjectConfigurationPlatforms) = postSolution
		{C87D45C0-3965-44AC-9C87-EF3E13425B08}.Debug|Any CPU.ActiveCfg = Debug|Any CPU
		{C87D45C0-3965-44AC-9C87-EF3E13425B08}.Debug|Any CPU.Build.0 = Debug|Any CPU
		{C87D45C0-3965-44AC-9C87-EF3E13425B08}.Release|Any CPU.ActiveCfg = Release|Any CPU
		{C87D45C0-3965-44AC-9C87-EF3E13425B08}.Release|Any CPU.Build.0 = Release|Any CPU
	EndGlobalSection
	GlobalSection(SolutionProperties) = preSolution
		HideSolutionNode = FALSE
	EndGlobalSection
	GlobalSection(ExtensibilityGlobals) = postSolution
		SolutionGuid = {438B6EE2-E681-4640-B2CF-BA053249B790}
	EndGlobalSection
EndGlobal
